<?xml version="1.0" encoding="utf-8"?>
<Project ToolsVersion="4.0" xmlns="http://schemas.microsoft.com/developer/msbuild/2003">
  <ItemGroup>
    <Text Include="ReadMe.txt" />
  </ItemGroup>
  <ItemGroup>
    <ClInclude Include="targetver.h" />
    <ClInclude Include="stdafx.h" />
    <ClInclude Include="Logic\JSB.h">
      <Filter>Logic</Filter>
    </ClInclude>
    <ClInclude Include="Logic\Client.h">
      <Filter>Logic\Client</Filter>
    </ClInclude>
    <ClInclude Include="Logic\Player.h">
      <Filter>Logic</Filter>
    </ClInclude>
    <ClInclude Include="Logic\Action.h">
      <Filter>Logic</Filter>
    </ClInclude>
    <ClInclude Include="Logic\LogicType.h">
      <Filter>Logic</Filter>
    </ClInclude>
    <ClInclude Include="Logic\Profile.h">
      <Filter>Logic</Filter>
    </ClInclude>
    <ClInclude Include="Logic\PlayerSerializer.h">
      <Filter>Logic</Filter>
    </ClInclude>
    <ClInclude Include="Logic\Console.h">
      <Filter>Logic</Filter>
    </ClInclude>
    <ClInclude Include="Logic\HUD.h">
      <Filter>Logic</Filter>
    </ClInclude>
    <ClInclude Include="Logic\LogicHUD.h">
      <Filter>Logic</Filter>
    </ClInclude>
  </ItemGroup>
  <ItemGroup>
    <ClCompile Include="stdafx.cpp" />
    <ClCompile Include="Logic\JSB.cpp">
      <Filter>Logic</Filter>
    </ClCompile>
    <ClCompile Include="Logic\Client.cpp">
      <Filter>Logic\Client</Filter>
    </ClCompile>
    <ClCompile Include="Logic\Player.cpp">
      <Filter>Logic</Filter>
    </ClCompile>
    <ClCompile Include="Logic\Profile.cpp">
      <Filter>Logic</Filter>
    </ClCompile>
    <ClCompile Include="Logic\HUD.cpp">
      <Filter>Logic</Filter>
    </ClCompile>
    <ClCompile Include="Logic\Console.cpp">
      <Filter>Logic</Filter>
    </ClCompile>
    <ClCompile Include="jiandaoshitoubu.cpp" />
    <ClCompile Include="Logic\LogicHUD.cpp">
      <Filter>Logic</Filter>
    </ClCompile>
  </ItemGroup>
  <ItemGroup>
    <Filter Include="Logic">
      <UniqueIdentifier>{a3fd19fd-4985-44bf-a305-f655548a2de8}</UniqueIdentifier>
    </Filter>
    <Filter Include="Logic\Client">
      <UniqueIdentifier>{0e08643c-c701-48de-a2dd-1f34f445f42e}</UniqueIdentifier>
    </Filter>
    <Filter Include="Logic\Server">
      <UniqueIdentifier>{00506dbf-afa0-4feb-b9c1-f9e77493b6de}</UniqueIdentifier>
    </Filter>
  </ItemGroup>
</Project>